// !$*UTF8*$!
{
	archiveVersion = 1;
	classes = {
	};
	objectVersion = 55;
	objects = {

/* Begin PBXBuildFile section */
		2B13AF312893163000CC6457 /* Brand.swift in Sources */ = {isa = PBXBuildFile; fileRef = 2B13AF302893163000CC6457 /* Brand.swift */; };
		2B13AF3328938C1000CC6457 /* HomeViewModel.swift in Sources */ = {isa = PBXBuildFile; fileRef = 2B13AF3228938C1000CC6457 /* HomeViewModel.swift */; };
		2B184692288C714A00C901A8 /* HomePrincipalPantallaView.swift in Sources */ = {isa = PBXBuildFile; fileRef = 2B184691288C714A00C901A8 /* HomePrincipalPantallaView.swift */; };
		2B184694288C717000C901A8 /* GymSedesPantallaView.swift in Sources */ = {isa = PBXBuildFile; fileRef = 2B184693288C717000C901A8 /* GymSedesPantallaView.swift */; };
		2B184697288C71F100C901A8 /* GymBrandsPantallaView.swift in Sources */ = {isa = PBXBuildFile; fileRef = 2B184696288C71F100C901A8 /* GymBrandsPantallaView.swift */; };
		2B184699288C720100C901A8 /* TrainerPantallaView.swift in Sources */ = {isa = PBXBuildFile; fileRef = 2B184698288C720100C901A8 /* TrainerPantallaView.swift */; };
		2B18469B288C720E00C901A8 /* UsuarioPantallaView.swift in Sources */ = {isa = PBXBuildFile; fileRef = 2B18469A288C720E00C901A8 /* UsuarioPantallaView.swift */; };
		2B18469D288C724000C901A8 /* HomePantallaView.swift in Sources */ = {isa = PBXBuildFile; fileRef = 2B18469C288C724000C901A8 /* HomePantallaView.swift */; };
		2B18469F288C72A000C901A8 /* NearMePantalla.swift in Sources */ = {isa = PBXBuildFile; fileRef = 2B18469E288C72A000C901A8 /* NearMePantalla.swift */; };
		2B1846A3288C74B000C901A8 /* Components.swift in Sources */ = {isa = PBXBuildFile; fileRef = 2B1846A2288C74B000C901A8 /* Components.swift */; };
		2B1846A5288C75DC00C901A8 /* Routes.swift in Sources */ = {isa = PBXBuildFile; fileRef = 2B1846A4288C75DC00C901A8 /* Routes.swift */; };
		2B50CC1D28A0C0F9003AE4C1 /* BusStop.swift in Sources */ = {isa = PBXBuildFile; fileRef = 2B50CC1C28A0C0F9003AE4C1 /* BusStop.swift */; };
		2B50CC2328A0CF95003AE4C1 /* GalwaysBusRepository.swift in Sources */ = {isa = PBXBuildFile; fileRef = 2B50CC2228A0CF95003AE4C1 /* GalwaysBusRepository.swift */; };
		2B5F596228ACA4AB008C1267 /* Alamofire in Frameworks */ = {isa = PBXBuildFile; productRef = 2B5F596128ACA4AB008C1267 /* Alamofire */; };
		2B5F596528ACA6CB008C1267 /* GimansioApi.swift in Sources */ = {isa = PBXBuildFile; fileRef = 2B5F596428ACA6CB008C1267 /* GimansioApi.swift */; };
		2B5F596728ACA7D2008C1267 /* GimnasioApiImpl.swift in Sources */ = {isa = PBXBuildFile; fileRef = 2B5F596628ACA7D2008C1267 /* GimnasioApiImpl.swift */; };
		2B5F596928ACAE4B008C1267 /* GetBrandsResponse.swift in Sources */ = {isa = PBXBuildFile; fileRef = 2B5F596828ACAE4B008C1267 /* GetBrandsResponse.swift */; };
		2B5F596B28ACB295008C1267 /* GetBrandsRequest.swift in Sources */ = {isa = PBXBuildFile; fileRef = 2B5F596A28ACB295008C1267 /* GetBrandsRequest.swift */; };
		2B77EAF12894482800893D89 /* GymSedeDetailPantalla.swift in Sources */ = {isa = PBXBuildFile; fileRef = 2B77EAF02894482800893D89 /* GymSedeDetailPantalla.swift */; };
		2B86A2E6288322F4001E20A7 /* LoginPantallaView.swift in Sources */ = {isa = PBXBuildFile; fileRef = 2B86A2E5288322F4001E20A7 /* LoginPantallaView.swift */; };
		2B86A2E82883236D001E20A7 /* RegistroPantallaView.swift in Sources */ = {isa = PBXBuildFile; fileRef = 2B86A2E72883236D001E20A7 /* RegistroPantallaView.swift */; };
		2B86A2EA288323DA001E20A7 /* VideoView.swift in Sources */ = {isa = PBXBuildFile; fileRef = 2B86A2E9288323DA001E20A7 /* VideoView.swift */; };
		2B86A2F1288329A9001E20A7 /* Localizable.strings in Resources */ = {isa = PBXBuildFile; fileRef = 2B86A2F3288329A9001E20A7 /* Localizable.strings */; };
		2B86A2F728832C0A001E20A7 /* L10n.swift in Sources */ = {isa = PBXBuildFile; fileRef = 2B86A2F628832C0A001E20A7 /* L10n.swift */; };
		2B86A2F9288332F7001E20A7 /* data.swift in Sources */ = {isa = PBXBuildFile; fileRef = 2B86A2F8288332F7001E20A7 /* data.swift */; };
		2B86A30E28833F06001E20A7 /* Poppins-Medium.ttf in Resources */ = {isa = PBXBuildFile; fileRef = 2B86A2FC28833F04001E20A7 /* Poppins-Medium.ttf */; };
		2B86A30F28833F06001E20A7 /* Poppins-BoldItalic.ttf in Resources */ = {isa = PBXBuildFile; fileRef = 2B86A2FD28833F04001E20A7 /* Poppins-BoldItalic.ttf */; };
		2B86A31028833F06001E20A7 /* Poppins-MediumItalic.ttf in Resources */ = {isa = PBXBuildFile; fileRef = 2B86A2FE28833F04001E20A7 /* Poppins-MediumItalic.ttf */; };
		2B86A31128833F06001E20A7 /* Poppins-LightItalic.ttf in Resources */ = {isa = PBXBuildFile; fileRef = 2B86A2FF28833F05001E20A7 /* Poppins-LightItalic.ttf */; };
		2B86A31228833F06001E20A7 /* Poppins-Thin.ttf in Resources */ = {isa = PBXBuildFile; fileRef = 2B86A30028833F05001E20A7 /* Poppins-Thin.ttf */; };
		2B86A31328833F06001E20A7 /* Poppins-SemiBold.ttf in Resources */ = {isa = PBXBuildFile; fileRef = 2B86A30128833F05001E20A7 /* Poppins-SemiBold.ttf */; };
		2B86A31428833F06001E20A7 /* Poppins-ThinItalic.ttf in Resources */ = {isa = PBXBuildFile; fileRef = 2B86A30228833F05001E20A7 /* Poppins-ThinItalic.ttf */; };
		2B86A31528833F06001E20A7 /* Poppins-ExtraLightItalic.ttf in Resources */ = {isa = PBXBuildFile; fileRef = 2B86A30328833F05001E20A7 /* Poppins-ExtraLightItalic.ttf */; };
		2B86A31628833F06001E20A7 /* Poppins-Black.ttf in Resources */ = {isa = PBXBuildFile; fileRef = 2B86A30428833F05001E20A7 /* Poppins-Black.ttf */; };
		2B86A31728833F06001E20A7 /* Poppins-ExtraBoldItalic.ttf in Resources */ = {isa = PBXBuildFile; fileRef = 2B86A30528833F05001E20A7 /* Poppins-ExtraBoldItalic.ttf */; };
		2B86A31828833F06001E20A7 /* Poppins-Italic.ttf in Resources */ = {isa = PBXBuildFile; fileRef = 2B86A30628833F05001E20A7 /* Poppins-Italic.ttf */; };
		2B86A31928833F06001E20A7 /* Poppins-Light.ttf in Resources */ = {isa = PBXBuildFile; fileRef = 2B86A30728833F06001E20A7 /* Poppins-Light.ttf */; };
		2B86A31A28833F06001E20A7 /* Poppins-ExtraLight.ttf in Resources */ = {isa = PBXBuildFile; fileRef = 2B86A30828833F06001E20A7 /* Poppins-ExtraLight.ttf */; };
		2B86A31B28833F06001E20A7 /* Poppins-Regular.ttf in Resources */ = {isa = PBXBuildFile; fileRef = 2B86A30928833F06001E20A7 /* Poppins-Regular.ttf */; };
		2B86A31C28833F06001E20A7 /* Poppins-SemiBoldItalic.ttf in Resources */ = {isa = PBXBuildFile; fileRef = 2B86A30A28833F06001E20A7 /* Poppins-SemiBoldItalic.ttf */; };
		2B86A31D28833F06001E20A7 /* Poppins-Bold.ttf in Resources */ = {isa = PBXBuildFile; fileRef = 2B86A30B28833F06001E20A7 /* Poppins-Bold.ttf */; };
		2B86A31E28833F06001E20A7 /* Poppins-ExtraBold.ttf in Resources */ = {isa = PBXBuildFile; fileRef = 2B86A30C28833F06001E20A7 /* Poppins-ExtraBold.ttf */; };
		2B86A31F28833F06001E20A7 /* Poppins-BlackItalic.ttf in Resources */ = {isa = PBXBuildFile; fileRef = 2B86A30D28833F06001E20A7 /* Poppins-BlackItalic.ttf */; };
		2B86A32328834C74001E20A7 /* Assets.swift in Sources */ = {isa = PBXBuildFile; fileRef = 2B86A32228834C74001E20A7 /* Assets.swift */; };
		FB7F7112287906C1001DC774 /* ios_gimnasioApp.swift in Sources */ = {isa = PBXBuildFile; fileRef = FB7F7111287906C1001DC774 /* ios_gimnasioApp.swift */; };
		FB7F7114287906C1001DC774 /* ContentView.swift in Sources */ = {isa = PBXBuildFile; fileRef = FB7F7113287906C1001DC774 /* ContentView.swift */; };
		FB7F7116287906C9001DC774 /* Assets.xcassets in Resources */ = {isa = PBXBuildFile; fileRef = FB7F7115287906C9001DC774 /* Assets.xcassets */; };
		FB7F7119287906C9001DC774 /* Preview Assets.xcassets in Resources */ = {isa = PBXBuildFile; fileRef = FB7F7118287906C9001DC774 /* Preview Assets.xcassets */; };
		FB7F711B287906C9001DC774 /* Persistence.swift in Sources */ = {isa = PBXBuildFile; fileRef = FB7F711A287906C9001DC774 /* Persistence.swift */; };
		FB7F711E287906C9001DC774 /* ios_gimnasio.xcdatamodeld in Sources */ = {isa = PBXBuildFile; fileRef = FB7F711C287906C9001DC774 /* ios_gimnasio.xcdatamodeld */; };
		FB7F7128287906CA001DC774 /* ios_gimnasioTests.swift in Sources */ = {isa = PBXBuildFile; fileRef = FB7F7127287906CA001DC774 /* ios_gimnasioTests.swift */; };
		FB7F7132287906CA001DC774 /* ios_gimnasioUITests.swift in Sources */ = {isa = PBXBuildFile; fileRef = FB7F7131287906CA001DC774 /* ios_gimnasioUITests.swift */; };
		FB7F7134287906CA001DC774 /* ios_gimnasioUITestsLaunchTests.swift in Sources */ = {isa = PBXBuildFile; fileRef = FB7F7133287906CA001DC774 /* ios_gimnasioUITestsLaunchTests.swift */; };
		FB7F71422879120E001DC774 /* WelcomePantallaView.swift in Sources */ = {isa = PBXBuildFile; fileRef = FB7F71412879120E001DC774 /* WelcomePantallaView.swift */; };
		FB7F7146287FB5D3001DC774 /* prueba.swift in Sources */ = {isa = PBXBuildFile; fileRef = FB7F7145287FB5D2001DC774 /* prueba.swift */; };
		FBC4DE292890C61500405903 /* Section.swift in Sources */ = {isa = PBXBuildFile; fileRef = FBC4DE282890C61500405903 /* Section.swift */; };
		FBC4DE2B28984EE800405903 /* Sede.swift in Sources */ = {isa = PBXBuildFile; fileRef = FBC4DE2A28984EE800405903 /* Sede.swift */; };
		FBC4DE2D2898AC2200405903 /* Prueba.swift in Sources */ = {isa = PBXBuildFile; fileRef = FBC4DE2C2898AC2200405903 /* Prueba.swift */; };
		FBC4DE2F2898B56D00405903 /* PruebaViewModel.swift in Sources */ = {isa = PBXBuildFile; fileRef = FBC4DE2E2898B56D00405903 /* PruebaViewModel.swift */; };
/* End PBXBuildFile section */

/* Begin PBXContainerItemProxy section */
		FB7F7124287906CA001DC774 /* PBXContainerItemProxy */ = {
			isa = PBXContainerItemProxy;
			containerPortal = FB7F7106287906C0001DC774 /* Project object */;
			proxyType = 1;
			remoteGlobalIDString = FB7F710D287906C1001DC774;
			remoteInfo = "ios-gimnasio";
		};
		FB7F712E287906CA001DC774 /* PBXContainerItemProxy */ = {
			isa = PBXContainerItemProxy;
			containerPortal = FB7F7106287906C0001DC774 /* Project object */;
			proxyType = 1;
			remoteGlobalIDString = FB7F710D287906C1001DC774;
			remoteInfo = "ios-gimnasio";
		};
/* End PBXContainerItemProxy section */

/* Begin PBXFileReference section */
		2B13AF302893163000CC6457 /* Brand.swift */ = {isa = PBXFileReference; lastKnownFileType = sourcecode.swift; path = Brand.swift; sourceTree = "<group>"; };
		2B13AF3228938C1000CC6457 /* HomeViewModel.swift */ = {isa = PBXFileReference; lastKnownFileType = sourcecode.swift; path = HomeViewModel.swift; sourceTree = "<group>"; };
		2B184691288C714A00C901A8 /* HomePrincipalPantallaView.swift */ = {isa = PBXFileReference; lastKnownFileType = sourcecode.swift; path = HomePrincipalPantallaView.swift; sourceTree = "<group>"; };
		2B184693288C717000C901A8 /* GymSedesPantallaView.swift */ = {isa = PBXFileReference; lastKnownFileType = sourcecode.swift; path = GymSedesPantallaView.swift; sourceTree = "<group>"; };
		2B184696288C71F100C901A8 /* GymBrandsPantallaView.swift */ = {isa = PBXFileReference; lastKnownFileType = sourcecode.swift; path = GymBrandsPantallaView.swift; sourceTree = "<group>"; };
		2B184698288C720100C901A8 /* TrainerPantallaView.swift */ = {isa = PBXFileReference; lastKnownFileType = sourcecode.swift; path = TrainerPantallaView.swift; sourceTree = "<group>"; };
		2B18469A288C720E00C901A8 /* UsuarioPantallaView.swift */ = {isa = PBXFileReference; lastKnownFileType = sourcecode.swift; path = UsuarioPantallaView.swift; sourceTree = "<group>"; };
		2B18469C288C724000C901A8 /* HomePantallaView.swift */ = {isa = PBXFileReference; lastKnownFileType = sourcecode.swift; path = HomePantallaView.swift; sourceTree = "<group>"; };
		2B18469E288C72A000C901A8 /* NearMePantalla.swift */ = {isa = PBXFileReference; lastKnownFileType = sourcecode.swift; path = NearMePantalla.swift; sourceTree = "<group>"; };
		2B1846A2288C74B000C901A8 /* Components.swift */ = {isa = PBXFileReference; lastKnownFileType = sourcecode.swift; path = Components.swift; sourceTree = "<group>"; };
		2B1846A4288C75DC00C901A8 /* Routes.swift */ = {isa = PBXFileReference; lastKnownFileType = sourcecode.swift; path = Routes.swift; sourceTree = "<group>"; };
		2B50CC1C28A0C0F9003AE4C1 /* BusStop.swift */ = {isa = PBXFileReference; lastKnownFileType = sourcecode.swift; path = BusStop.swift; sourceTree = "<group>"; };
		2B50CC2228A0CF95003AE4C1 /* GalwaysBusRepository.swift */ = {isa = PBXFileReference; lastKnownFileType = sourcecode.swift; path = GalwaysBusRepository.swift; sourceTree = "<group>"; };
		2B5F596428ACA6CB008C1267 /* GimansioApi.swift */ = {isa = PBXFileReference; lastKnownFileType = sourcecode.swift; path = GimansioApi.swift; sourceTree = "<group>"; };
		2B5F596628ACA7D2008C1267 /* GimnasioApiImpl.swift */ = {isa = PBXFileReference; lastKnownFileType = sourcecode.swift; path = GimnasioApiImpl.swift; sourceTree = "<group>"; };
		2B5F596828ACAE4B008C1267 /* GetBrandsResponse.swift */ = {isa = PBXFileReference; lastKnownFileType = sourcecode.swift; path = GetBrandsResponse.swift; sourceTree = "<group>"; };
		2B5F596A28ACB295008C1267 /* GetBrandsRequest.swift */ = {isa = PBXFileReference; lastKnownFileType = sourcecode.swift; path = GetBrandsRequest.swift; sourceTree = "<group>"; };
		2B77EAF02894482800893D89 /* GymSedeDetailPantalla.swift */ = {isa = PBXFileReference; lastKnownFileType = sourcecode.swift; path = GymSedeDetailPantalla.swift; sourceTree = "<group>"; };
		2B86A2E5288322F4001E20A7 /* LoginPantallaView.swift */ = {isa = PBXFileReference; lastKnownFileType = sourcecode.swift; path = LoginPantallaView.swift; sourceTree = "<group>"; };
		2B86A2E72883236D001E20A7 /* RegistroPantallaView.swift */ = {isa = PBXFileReference; lastKnownFileType = sourcecode.swift; path = RegistroPantallaView.swift; sourceTree = "<group>"; };
		2B86A2E9288323DA001E20A7 /* VideoView.swift */ = {isa = PBXFileReference; lastKnownFileType = sourcecode.swift; path = VideoView.swift; sourceTree = "<group>"; };
		2B86A2F2288329A9001E20A7 /* en */ = {isa = PBXFileReference; lastKnownFileType = text.plist.strings; name = en; path = en.lproj/Localizable.strings; sourceTree = "<group>"; };
		2B86A2F4288329FD001E20A7 /* es */ = {isa = PBXFileReference; lastKnownFileType = text.plist.strings; name = es; path = es.lproj/Localizable.strings; sourceTree = "<group>"; };
		2B86A2F628832C0A001E20A7 /* L10n.swift */ = {isa = PBXFileReference; lastKnownFileType = sourcecode.swift; path = L10n.swift; sourceTree = "<group>"; };
		2B86A2F8288332F7001E20A7 /* data.swift */ = {isa = PBXFileReference; lastKnownFileType = sourcecode.swift; path = data.swift; sourceTree = "<group>"; };
		2B86A2FC28833F04001E20A7 /* Poppins-Medium.ttf */ = {isa = PBXFileReference; lastKnownFileType = file; path = "Poppins-Medium.ttf"; sourceTree = "<group>"; };
		2B86A2FD28833F04001E20A7 /* Poppins-BoldItalic.ttf */ = {isa = PBXFileReference; lastKnownFileType = file; path = "Poppins-BoldItalic.ttf"; sourceTree = "<group>"; };
		2B86A2FE28833F04001E20A7 /* Poppins-MediumItalic.ttf */ = {isa = PBXFileReference; lastKnownFileType = file; path = "Poppins-MediumItalic.ttf"; sourceTree = "<group>"; };
		2B86A2FF28833F05001E20A7 /* Poppins-LightItalic.ttf */ = {isa = PBXFileReference; lastKnownFileType = file; path = "Poppins-LightItalic.ttf"; sourceTree = "<group>"; };
		2B86A30028833F05001E20A7 /* Poppins-Thin.ttf */ = {isa = PBXFileReference; lastKnownFileType = file; path = "Poppins-Thin.ttf"; sourceTree = "<group>"; };
		2B86A30128833F05001E20A7 /* Poppins-SemiBold.ttf */ = {isa = PBXFileReference; lastKnownFileType = file; path = "Poppins-SemiBold.ttf"; sourceTree = "<group>"; };
		2B86A30228833F05001E20A7 /* Poppins-ThinItalic.ttf */ = {isa = PBXFileReference; lastKnownFileType = file; path = "Poppins-ThinItalic.ttf"; sourceTree = "<group>"; };
		2B86A30328833F05001E20A7 /* Poppins-ExtraLightItalic.ttf */ = {isa = PBXFileReference; lastKnownFileType = file; path = "Poppins-ExtraLightItalic.ttf"; sourceTree = "<group>"; };
		2B86A30428833F05001E20A7 /* Poppins-Black.ttf */ = {isa = PBXFileReference; lastKnownFileType = file; path = "Poppins-Black.ttf"; sourceTree = "<group>"; };
		2B86A30528833F05001E20A7 /* Poppins-ExtraBoldItalic.ttf */ = {isa = PBXFileReference; lastKnownFileType = file; path = "Poppins-ExtraBoldItalic.ttf"; sourceTree = "<group>"; };
		2B86A30628833F05001E20A7 /* Poppins-Italic.ttf */ = {isa = PBXFileReference; lastKnownFileType = file; path = "Poppins-Italic.ttf"; sourceTree = "<group>"; };
		2B86A30728833F06001E20A7 /* Poppins-Light.ttf */ = {isa = PBXFileReference; lastKnownFileType = file; path = "Poppins-Light.ttf"; sourceTree = "<group>"; };
		2B86A30828833F06001E20A7 /* Poppins-ExtraLight.ttf */ = {isa = PBXFileReference; lastKnownFileType = file; path = "Poppins-ExtraLight.ttf"; sourceTree = "<group>"; };
		2B86A30928833F06001E20A7 /* Poppins-Regular.ttf */ = {isa = PBXFileReference; lastKnownFileType = file; path = "Poppins-Regular.ttf"; sourceTree = "<group>"; };
		2B86A30A28833F06001E20A7 /* Poppins-SemiBoldItalic.ttf */ = {isa = PBXFileReference; lastKnownFileType = file; path = "Poppins-SemiBoldItalic.ttf"; sourceTree = "<group>"; };
		2B86A30B28833F06001E20A7 /* Poppins-Bold.ttf */ = {isa = PBXFileReference; lastKnownFileType = file; path = "Poppins-Bold.ttf"; sourceTree = "<group>"; };
		2B86A30C28833F06001E20A7 /* Poppins-ExtraBold.ttf */ = {isa = PBXFileReference; lastKnownFileType = file; path = "Poppins-ExtraBold.ttf"; sourceTree = "<group>"; };
		2B86A30D28833F06001E20A7 /* Poppins-BlackItalic.ttf */ = {isa = PBXFileReference; lastKnownFileType = file; path = "Poppins-BlackItalic.ttf"; sourceTree = "<group>"; };
		2B86A321288340E3001E20A7 /* Info.plist */ = {isa = PBXFileReference; lastKnownFileType = text.plist; path = Info.plist; sourceTree = "<group>"; };
		2B86A32228834C74001E20A7 /* Assets.swift */ = {isa = PBXFileReference; lastKnownFileType = sourcecode.swift; path = Assets.swift; sourceTree = "<group>"; };
		FB7F710E287906C1001DC774 /* ios-gimnasio.app */ = {isa = PBXFileReference; explicitFileType = wrapper.application; includeInIndex = 0; path = "ios-gimnasio.app"; sourceTree = BUILT_PRODUCTS_DIR; };
		FB7F7111287906C1001DC774 /* ios_gimnasioApp.swift */ = {isa = PBXFileReference; lastKnownFileType = sourcecode.swift; path = ios_gimnasioApp.swift; sourceTree = "<group>"; };
		FB7F7113287906C1001DC774 /* ContentView.swift */ = {isa = PBXFileReference; lastKnownFileType = sourcecode.swift; path = ContentView.swift; sourceTree = "<group>"; };
		FB7F7115287906C9001DC774 /* Assets.xcassets */ = {isa = PBXFileReference; lastKnownFileType = folder.assetcatalog; path = Assets.xcassets; sourceTree = "<group>"; };
		FB7F7118287906C9001DC774 /* Preview Assets.xcassets */ = {isa = PBXFileReference; lastKnownFileType = folder.assetcatalog; path = "Preview Assets.xcassets"; sourceTree = "<group>"; };
		FB7F711A287906C9001DC774 /* Persistence.swift */ = {isa = PBXFileReference; lastKnownFileType = sourcecode.swift; path = Persistence.swift; sourceTree = "<group>"; };
		FB7F711D287906C9001DC774 /* ios_gimnasio.xcdatamodel */ = {isa = PBXFileReference; lastKnownFileType = wrapper.xcdatamodel; path = ios_gimnasio.xcdatamodel; sourceTree = "<group>"; };
		FB7F7123287906CA001DC774 /* ios-gimnasioTests.xctest */ = {isa = PBXFileReference; explicitFileType = wrapper.cfbundle; includeInIndex = 0; path = "ios-gimnasioTests.xctest"; sourceTree = BUILT_PRODUCTS_DIR; };
		FB7F7127287906CA001DC774 /* ios_gimnasioTests.swift */ = {isa = PBXFileReference; lastKnownFileType = sourcecode.swift; path = ios_gimnasioTests.swift; sourceTree = "<group>"; };
		FB7F712D287906CA001DC774 /* ios-gimnasioUITests.xctest */ = {isa = PBXFileReference; explicitFileType = wrapper.cfbundle; includeInIndex = 0; path = "ios-gimnasioUITests.xctest"; sourceTree = BUILT_PRODUCTS_DIR; };
		FB7F7131287906CA001DC774 /* ios_gimnasioUITests.swift */ = {isa = PBXFileReference; lastKnownFileType = sourcecode.swift; path = ios_gimnasioUITests.swift; sourceTree = "<group>"; };
		FB7F7133287906CA001DC774 /* ios_gimnasioUITestsLaunchTests.swift */ = {isa = PBXFileReference; lastKnownFileType = sourcecode.swift; path = ios_gimnasioUITestsLaunchTests.swift; sourceTree = "<group>"; };
		FB7F71412879120E001DC774 /* WelcomePantallaView.swift */ = {isa = PBXFileReference; lastKnownFileType = sourcecode.swift; path = WelcomePantallaView.swift; sourceTree = "<group>"; };
		FB7F7145287FB5D2001DC774 /* prueba.swift */ = {isa = PBXFileReference; lastKnownFileType = sourcecode.swift; path = prueba.swift; sourceTree = "<group>"; };
		FBC4DE282890C61500405903 /* Section.swift */ = {isa = PBXFileReference; lastKnownFileType = sourcecode.swift; path = Section.swift; sourceTree = "<group>"; };
		FBC4DE2A28984EE800405903 /* Sede.swift */ = {isa = PBXFileReference; lastKnownFileType = sourcecode.swift; path = Sede.swift; sourceTree = "<group>"; };
		FBC4DE2C2898AC2200405903 /* Prueba.swift */ = {isa = PBXFileReference; lastKnownFileType = sourcecode.swift; path = Prueba.swift; sourceTree = "<group>"; };
		FBC4DE2E2898B56D00405903 /* PruebaViewModel.swift */ = {isa = PBXFileReference; lastKnownFileType = sourcecode.swift; path = PruebaViewModel.swift; sourceTree = "<group>"; };
/* End PBXFileReference section */

/* Begin PBXFrameworksBuildPhase section */
		FB7F710B287906C1001DC774 /* Frameworks */ = {
			isa = PBXFrameworksBuildPhase;
			buildActionMask = 2147483647;
			files = (
				2B5F596228ACA4AB008C1267 /* Alamofire in Frameworks */,
			);
			runOnlyForDeploymentPostprocessing = 0;
		};
		FB7F7120287906CA001DC774 /* Frameworks */ = {
			isa = PBXFrameworksBuildPhase;
			buildActionMask = 2147483647;
			files = (
			);
			runOnlyForDeploymentPostprocessing = 0;
		};
		FB7F712A287906CA001DC774 /* Frameworks */ = {
			isa = PBXFrameworksBuildPhase;
			buildActionMask = 2147483647;
			files = (
			);
			runOnlyForDeploymentPostprocessing = 0;
		};
/* End PBXFrameworksBuildPhase section */

/* Begin PBXGroup section */
		2B13AF2F2893161F00CC6457 /* Gym */ = {
			isa = PBXGroup;
			children = (
				2B13AF302893163000CC6457 /* Brand.swift */,
				FBC4DE2A28984EE800405903 /* Sede.swift */,
			);
			path = Gym;
			sourceTree = "<group>";
		};
		2B18468B288C704400C901A8 /* Common */ = {
			isa = PBXGroup;
			children = (
				2B1846A1288C749600C901A8 /* Components */,
			);
			path = Common;
			sourceTree = "<group>";
		};
		2B18468D288C70C200C901A8 /* Routes */ = {
			isa = PBXGroup;
			children = (
				2B1846A4288C75DC00C901A8 /* Routes.swift */,
			);
			path = Routes;
			sourceTree = "<group>";
		};
		2B18468F288C710700C901A8 /* Home */ = {
			isa = PBXGroup;
			children = (
				2B184695288C718A00C901A8 /* Components */,
				2B184691288C714A00C901A8 /* HomePrincipalPantallaView.swift */,
				2B13AF3228938C1000CC6457 /* HomeViewModel.swift */,
			);
			path = Home;
			sourceTree = "<group>";
		};
		2B184690288C711C00C901A8 /* Welcome */ = {
			isa = PBXGroup;
			children = (
				2B1846A0288C72FF00C901A8 /* Components */,
				FB7F71412879120E001DC774 /* WelcomePantallaView.swift */,
			);
			path = Welcome;
			sourceTree = "<group>";
		};
		2B184695288C718A00C901A8 /* Components */ = {
			isa = PBXGroup;
			children = (
				2B184693288C717000C901A8 /* GymSedesPantallaView.swift */,
				2B184696288C71F100C901A8 /* GymBrandsPantallaView.swift */,
				2B184698288C720100C901A8 /* TrainerPantallaView.swift */,
				2B18469A288C720E00C901A8 /* UsuarioPantallaView.swift */,
				2B18469C288C724000C901A8 /* HomePantallaView.swift */,
				2B18469E288C72A000C901A8 /* NearMePantalla.swift */,
				FBC4DE2C2898AC2200405903 /* Prueba.swift */,
				FBC4DE2E2898B56D00405903 /* PruebaViewModel.swift */,
			);
			path = Components;
			sourceTree = "<group>";
		};
		2B1846A0288C72FF00C901A8 /* Components */ = {
			isa = PBXGroup;
			children = (
				2B86A2E5288322F4001E20A7 /* LoginPantallaView.swift */,
				2B86A2E72883236D001E20A7 /* RegistroPantallaView.swift */,
			);
			path = Components;
			sourceTree = "<group>";
		};
		2B1846A1288C749600C901A8 /* Components */ = {
			isa = PBXGroup;
			children = (
				2B1846A2288C74B000C901A8 /* Components.swift */,
			);
			path = Components;
			sourceTree = "<group>";
		};
		2B50CC2128A0CF6C003AE4C1 /* Repositories */ = {
			isa = PBXGroup;
			children = (
				2B50CC2228A0CF95003AE4C1 /* GalwaysBusRepository.swift */,
			);
			path = Repositories;
			sourceTree = "<group>";
		};
		2B5F596328ACA6B5008C1267 /* DataSource */ = {
			isa = PBXGroup;
			children = (
				2B5F596428ACA6CB008C1267 /* GimansioApi.swift */,
				2B5F596628ACA7D2008C1267 /* GimnasioApiImpl.swift */,
				2B5F596828ACAE4B008C1267 /* GetBrandsResponse.swift */,
				2B5F596A28ACB295008C1267 /* GetBrandsRequest.swift */,
			);
			path = DataSource;
			sourceTree = "<group>";
		};
		2B77EAEF289447D400893D89 /* Matricula */ = {
			isa = PBXGroup;
			children = (
				2B77EAF02894482800893D89 /* GymSedeDetailPantalla.swift */,
			);
			path = Matricula;
			sourceTree = "<group>";
		};
		2B86A2EB28832745001E20A7 /* Presentation */ = {
			isa = PBXGroup;
			children = (
				2B18468D288C70C200C901A8 /* Routes */,
				2B18468B288C704400C901A8 /* Common */,
				2B86A2F528832AD6001E20A7 /* Generado */,
				FB7F71402879115C001DC774 /* UI */,
			);
			path = Presentation;
			sourceTree = "<group>";
		};
		2B86A2EC28832752001E20A7 /* Data */ = {
			isa = PBXGroup;
			children = (
				2B5F596328ACA6B5008C1267 /* DataSource */,
				2B86A2F8288332F7001E20A7 /* data.swift */,
			);
			path = Data;
			sourceTree = "<group>";
		};
		2B86A2ED2883275B001E20A7 /* Domain */ = {
			isa = PBXGroup;
			children = (
				2B50CC2128A0CF6C003AE4C1 /* Repositories */,
				FB7F7143287F1DD7001DC774 /* models */,
			);
			path = Domain;
			sourceTree = "<group>";
		};
		2B86A2EE288327D1001E20A7 /* Recursos */ = {
			isa = PBXGroup;
			children = (
				2B86A32028833F34001E20A7 /* Fonts */,
				FB7F7115287906C9001DC774 /* Assets.xcassets */,
				2B86A2F3288329A9001E20A7 /* Localizable.strings */,
			);
			path = Recursos;
			sourceTree = "<group>";
		};
		2B86A2F528832AD6001E20A7 /* Generado */ = {
			isa = PBXGroup;
			children = (
				2B86A2F628832C0A001E20A7 /* L10n.swift */,
				2B86A32228834C74001E20A7 /* Assets.swift */,
			);
			path = Generado;
			sourceTree = "<group>";
		};
		2B86A32028833F34001E20A7 /* Fonts */ = {
			isa = PBXGroup;
			children = (
				2B86A30428833F05001E20A7 /* Poppins-Black.ttf */,
				2B86A30D28833F06001E20A7 /* Poppins-BlackItalic.ttf */,
				2B86A30B28833F06001E20A7 /* Poppins-Bold.ttf */,
				2B86A2FD28833F04001E20A7 /* Poppins-BoldItalic.ttf */,
				2B86A30C28833F06001E20A7 /* Poppins-ExtraBold.ttf */,
				2B86A30528833F05001E20A7 /* Poppins-ExtraBoldItalic.ttf */,
				2B86A30828833F06001E20A7 /* Poppins-ExtraLight.ttf */,
				2B86A30328833F05001E20A7 /* Poppins-ExtraLightItalic.ttf */,
				2B86A30628833F05001E20A7 /* Poppins-Italic.ttf */,
				2B86A30728833F06001E20A7 /* Poppins-Light.ttf */,
				2B86A2FF28833F05001E20A7 /* Poppins-LightItalic.ttf */,
				2B86A2FC28833F04001E20A7 /* Poppins-Medium.ttf */,
				2B86A2FE28833F04001E20A7 /* Poppins-MediumItalic.ttf */,
				2B86A30928833F06001E20A7 /* Poppins-Regular.ttf */,
				2B86A30128833F05001E20A7 /* Poppins-SemiBold.ttf */,
				2B86A30A28833F06001E20A7 /* Poppins-SemiBoldItalic.ttf */,
				2B86A30028833F05001E20A7 /* Poppins-Thin.ttf */,
				2B86A30228833F05001E20A7 /* Poppins-ThinItalic.ttf */,
			);
			path = Fonts;
			sourceTree = "<group>";
		};
		FB7F7105287906C0001DC774 = {
			isa = PBXGroup;
			children = (
				FB7F7110287906C1001DC774 /* ios-gimnasio */,
				FB7F7126287906CA001DC774 /* ios-gimnasioTests */,
				FB7F7130287906CA001DC774 /* ios-gimnasioUITests */,
				FB7F710F287906C1001DC774 /* Products */,
			);
			sourceTree = "<group>";
		};
		FB7F710F287906C1001DC774 /* Products */ = {
			isa = PBXGroup;
			children = (
				FB7F710E287906C1001DC774 /* ios-gimnasio.app */,
				FB7F7123287906CA001DC774 /* ios-gimnasioTests.xctest */,
				FB7F712D287906CA001DC774 /* ios-gimnasioUITests.xctest */,
			);
			name = Products;
			sourceTree = "<group>";
		};
		FB7F7110287906C1001DC774 /* ios-gimnasio */ = {
			isa = PBXGroup;
			children = (
				2B86A321288340E3001E20A7 /* Info.plist */,
				2B86A2EE288327D1001E20A7 /* Recursos */,
				2B86A2ED2883275B001E20A7 /* Domain */,
				2B86A2EC28832752001E20A7 /* Data */,
				2B86A2EB28832745001E20A7 /* Presentation */,
				FB7F7111287906C1001DC774 /* ios_gimnasioApp.swift */,
				FB7F7113287906C1001DC774 /* ContentView.swift */,
				FB7F711A287906C9001DC774 /* Persistence.swift */,
				FB7F711C287906C9001DC774 /* ios_gimnasio.xcdatamodeld */,
				FB7F7117287906C9001DC774 /* Preview Content */,
			);
			path = "ios-gimnasio";
			sourceTree = "<group>";
		};
		FB7F7117287906C9001DC774 /* Preview Content */ = {
			isa = PBXGroup;
			children = (
				FB7F7118287906C9001DC774 /* Preview Assets.xcassets */,
			);
			path = "Preview Content";
			sourceTree = "<group>";
		};
		FB7F7126287906CA001DC774 /* ios-gimnasioTests */ = {
			isa = PBXGroup;
			children = (
				FB7F7127287906CA001DC774 /* ios_gimnasioTests.swift */,
			);
			path = "ios-gimnasioTests";
			sourceTree = "<group>";
		};
		FB7F7130287906CA001DC774 /* ios-gimnasioUITests */ = {
			isa = PBXGroup;
			children = (
				FB7F7131287906CA001DC774 /* ios_gimnasioUITests.swift */,
				FB7F7133287906CA001DC774 /* ios_gimnasioUITestsLaunchTests.swift */,
			);
			path = "ios-gimnasioUITests";
			sourceTree = "<group>";
		};
		FB7F71402879115C001DC774 /* UI */ = {
			isa = PBXGroup;
			children = (
				2B77EAEF289447D400893D89 /* Matricula */,
				2B184690288C711C00C901A8 /* Welcome */,
				2B18468F288C710700C901A8 /* Home */,
				2B86A2E9288323DA001E20A7 /* VideoView.swift */,
			);
			path = UI;
			sourceTree = "<group>";
		};
		FB7F7143287F1DD7001DC774 /* models */ = {
			isa = PBXGroup;
			children = (
				2B13AF2F2893161F00CC6457 /* Gym */,
				FB7F7145287FB5D2001DC774 /* prueba.swift */,
				FBC4DE282890C61500405903 /* Section.swift */,
				2B50CC1C28A0C0F9003AE4C1 /* BusStop.swift */,
			);
			path = models;
			sourceTree = "<group>";
		};
/* End PBXGroup section */

/* Begin PBXNativeTarget section */
		FB7F710D287906C1001DC774 /* ios-gimnasio */ = {
			isa = PBXNativeTarget;
			buildConfigurationList = FB7F7137287906CA001DC774 /* Build configuration list for PBXNativeTarget "ios-gimnasio" */;
			buildPhases = (
				FB7F710A287906C1001DC774 /* Sources */,
				FB7F710B287906C1001DC774 /* Frameworks */,
				FB7F710C287906C1001DC774 /* Resources */,
			);
			buildRules = (
			);
			dependencies = (
			);
			name = "ios-gimnasio";
			packageProductDependencies = (
				2B5F596128ACA4AB008C1267 /* Alamofire */,
			);
			productName = "ios-gimnasio";
			productReference = FB7F710E287906C1001DC774 /* ios-gimnasio.app */;
			productType = "com.apple.product-type.application";
		};
		FB7F7122287906CA001DC774 /* ios-gimnasioTests */ = {
			isa = PBXNativeTarget;
			buildConfigurationList = FB7F713A287906CA001DC774 /* Build configuration list for PBXNativeTarget "ios-gimnasioTests" */;
			buildPhases = (
				FB7F711F287906CA001DC774 /* Sources */,
				FB7F7120287906CA001DC774 /* Frameworks */,
				FB7F7121287906CA001DC774 /* Resources */,
			);
			buildRules = (
			);
			dependencies = (
				FB7F7125287906CA001DC774 /* PBXTargetDependency */,
			);
			name = "ios-gimnasioTests";
			productName = "ios-gimnasioTests";
			productReference = FB7F7123287906CA001DC774 /* ios-gimnasioTests.xctest */;
			productType = "com.apple.product-type.bundle.unit-test";
		};
		FB7F712C287906CA001DC774 /* ios-gimnasioUITests */ = {
			isa = PBXNativeTarget;
			buildConfigurationList = FB7F713D287906CA001DC774 /* Build configuration list for PBXNativeTarget "ios-gimnasioUITests" */;
			buildPhases = (
				FB7F7129287906CA001DC774 /* Sources */,
				FB7F712A287906CA001DC774 /* Frameworks */,
				FB7F712B287906CA001DC774 /* Resources */,
			);
			buildRules = (
			);
			dependencies = (
				FB7F712F287906CA001DC774 /* PBXTargetDependency */,
			);
			name = "ios-gimnasioUITests";
			productName = "ios-gimnasioUITests";
			productReference = FB7F712D287906CA001DC774 /* ios-gimnasioUITests.xctest */;
			productType = "com.apple.product-type.bundle.ui-testing";
		};
/* End PBXNativeTarget section */

/* Begin PBXProject section */
		FB7F7106287906C0001DC774 /* Project object */ = {
			isa = PBXProject;
			attributes = {
				BuildIndependentTargetsInParallel = 1;
				LastSwiftUpdateCheck = 1320;
				LastUpgradeCheck = 1320;
				TargetAttributes = {
					FB7F710D287906C1001DC774 = {
						CreatedOnToolsVersion = 13.2.1;
					};
					FB7F7122287906CA001DC774 = {
						CreatedOnToolsVersion = 13.2.1;
						TestTargetID = FB7F710D287906C1001DC774;
					};
					FB7F712C287906CA001DC774 = {
						CreatedOnToolsVersion = 13.2.1;
						TestTargetID = FB7F710D287906C1001DC774;
					};
				};
			};
			buildConfigurationList = FB7F7109287906C0001DC774 /* Build configuration list for PBXProject "ios-gimnasio" */;
			compatibilityVersion = "Xcode 13.0";
			developmentRegion = en;
			hasScannedForEncodings = 0;
			knownRegions = (
				en,
				Base,
				es,
			);
			mainGroup = FB7F7105287906C0001DC774;
			packageReferences = (
				2B5F596028ACA4AB008C1267 /* XCRemoteSwiftPackageReference "Alamofire" */,
			);
			productRefGroup = FB7F710F287906C1001DC774 /* Products */;
			projectDirPath = "";
			projectRoot = "";
			targets = (
				FB7F710D287906C1001DC774 /* ios-gimnasio */,
				FB7F7122287906CA001DC774 /* ios-gimnasioTests */,
				FB7F712C287906CA001DC774 /* ios-gimnasioUITests */,
			);
		};
/* End PBXProject section */

/* Begin PBXResourcesBuildPhase section */
		FB7F710C287906C1001DC774 /* Resources */ = {
			isa = PBXResourcesBuildPhase;
			buildActionMask = 2147483647;
			files = (
				2B86A31628833F06001E20A7 /* Poppins-Black.ttf in Resources */,
				2B86A31F28833F06001E20A7 /* Poppins-BlackItalic.ttf in Resources */,
				2B86A31928833F06001E20A7 /* Poppins-Light.ttf in Resources */,
				FB7F7119287906C9001DC774 /* Preview Assets.xcassets in Resources */,
				2B86A31828833F06001E20A7 /* Poppins-Italic.ttf in Resources */,
				2B86A31A28833F06001E20A7 /* Poppins-ExtraLight.ttf in Resources */,
				2B86A31C28833F06001E20A7 /* Poppins-SemiBoldItalic.ttf in Resources */,
				2B86A31D28833F06001E20A7 /* Poppins-Bold.ttf in Resources */,
				2B86A31B28833F06001E20A7 /* Poppins-Regular.ttf in Resources */,
				2B86A31028833F06001E20A7 /* Poppins-MediumItalic.ttf in Resources */,
				2B86A31128833F06001E20A7 /* Poppins-LightItalic.ttf in Resources */,
				2B86A30E28833F06001E20A7 /* Poppins-Medium.ttf in Resources */,
				2B86A31728833F06001E20A7 /* Poppins-ExtraBoldItalic.ttf in Resources */,
				2B86A2F1288329A9001E20A7 /* Localizable.strings in Resources */,
				2B86A31228833F06001E20A7 /* Poppins-Thin.ttf in Resources */,
				2B86A31528833F06001E20A7 /* Poppins-ExtraLightItalic.ttf in Resources */,
				2B86A31328833F06001E20A7 /* Poppins-SemiBold.ttf in Resources */,
				2B86A31E28833F06001E20A7 /* Poppins-ExtraBold.ttf in Resources */,
				2B86A31428833F06001E20A7 /* Poppins-ThinItalic.ttf in Resources */,
				FB7F7116287906C9001DC774 /* Assets.xcassets in Resources */,
				2B86A30F28833F06001E20A7 /* Poppins-BoldItalic.ttf in Resources */,
			);
			runOnlyForDeploymentPostprocessing = 0;
		};
		FB7F7121287906CA001DC774 /* Resources */ = {
			isa = PBXResourcesBuildPhase;
			buildActionMask = 2147483647;
			files = (
			);
			runOnlyForDeploymentPostprocessing = 0;
		};
		FB7F712B287906CA001DC774 /* Resources */ = {
			isa = PBXResourcesBuildPhase;
			buildActionMask = 2147483647;
			files = (
			);
			runOnlyForDeploymentPostprocessing = 0;
		};
/* End PBXResourcesBuildPhase section */

/* Begin PBXSourcesBuildPhase section */
		FB7F710A287906C1001DC774 /* Sources */ = {
			isa = PBXSourcesBuildPhase;
			buildActionMask = 2147483647;
			files = (
				2B5F596928ACAE4B008C1267 /* GetBrandsResponse.swift in Sources */,
				FBC4DE2D2898AC2200405903 /* Prueba.swift in Sources */,
				2B50CC2328A0CF95003AE4C1 /* GalwaysBusRepository.swift in Sources */,
				FB7F711B287906C9001DC774 /* Persistence.swift in Sources */,
				2B1846A5288C75DC00C901A8 /* Routes.swift in Sources */,
				2B184699288C720100C901A8 /* TrainerPantallaView.swift in Sources */,
				FB7F7114287906C1001DC774 /* ContentView.swift in Sources */,
				2B18469F288C72A000C901A8 /* NearMePantalla.swift in Sources */,
				2B184692288C714A00C901A8 /* HomePrincipalPantallaView.swift in Sources */,
				2B86A32328834C74001E20A7 /* Assets.swift in Sources */,
				2B5F596B28ACB295008C1267 /* GetBrandsRequest.swift in Sources */,
				2B77EAF12894482800893D89 /* GymSedeDetailPantalla.swift in Sources */,
				FBC4DE2B28984EE800405903 /* Sede.swift in Sources */,
				2B18469B288C720E00C901A8 /* UsuarioPantallaView.swift in Sources */,
				2B18469D288C724000C901A8 /* HomePantallaView.swift in Sources */,
				FB7F711E287906C9001DC774 /* ios_gimnasio.xcdatamodeld in Sources */,
				2B13AF312893163000CC6457 /* Brand.swift in Sources */,
				2B86A2F9288332F7001E20A7 /* data.swift in Sources */,
				2B184694288C717000C901A8 /* GymSedesPantallaView.swift in Sources */,
				2B86A2E82883236D001E20A7 /* RegistroPantallaView.swift in Sources */,
				2B5F596528ACA6CB008C1267 /* GimansioApi.swift in Sources */,
				2B5F596728ACA7D2008C1267 /* GimnasioApiImpl.swift in Sources */,
				2B86A2F728832C0A001E20A7 /* L10n.swift in Sources */,
				2B184697288C71F100C901A8 /* GymBrandsPantallaView.swift in Sources */,
				FBC4DE292890C61500405903 /* Section.swift in Sources */,
				FB7F71422879120E001DC774 /* WelcomePantallaView.swift in Sources */,
				2B86A2EA288323DA001E20A7 /* VideoView.swift in Sources */,
				2B13AF3328938C1000CC6457 /* HomeViewModel.swift in Sources */,
				FBC4DE2F2898B56D00405903 /* PruebaViewModel.swift in Sources */,
				FB7F7146287FB5D3001DC774 /* prueba.swift in Sources */,
				2B50CC1D28A0C0F9003AE4C1 /* BusStop.swift in Sources */,
				2B1846A3288C74B000C901A8 /* Components.swift in Sources */,
				2B86A2E6288322F4001E20A7 /* LoginPantallaView.swift in Sources */,
				FB7F7112287906C1001DC774 /* ios_gimnasioApp.swift in Sources */,
			);
			runOnlyForDeploymentPostprocessing = 0;
		};
		FB7F711F287906CA001DC774 /* Sources */ = {
			isa = PBXSourcesBuildPhase;
			buildActionMask = 2147483647;
			files = (
				FB7F7128287906CA001DC774 /* ios_gimnasioTests.swift in Sources */,
			);
			runOnlyForDeploymentPostprocessing = 0;
		};
		FB7F7129287906CA001DC774 /* Sources */ = {
			isa = PBXSourcesBuildPhase;
			buildActionMask = 2147483647;
			files = (
				FB7F7132287906CA001DC774 /* ios_gimnasioUITests.swift in Sources */,
				FB7F7134287906CA001DC774 /* ios_gimnasioUITestsLaunchTests.swift in Sources */,
			);
			runOnlyForDeploymentPostprocessing = 0;
		};
/* End PBXSourcesBuildPhase section */

/* Begin PBXTargetDependency section */
		FB7F7125287906CA001DC774 /* PBXTargetDependency */ = {
			isa = PBXTargetDependency;
			target = FB7F710D287906C1001DC774 /* ios-gimnasio */;
			targetProxy = FB7F7124287906CA001DC774 /* PBXContainerItemProxy */;
		};
		FB7F712F287906CA001DC774 /* PBXTargetDependency */ = {
			isa = PBXTargetDependency;
			target = FB7F710D287906C1001DC774 /* ios-gimnasio */;
			targetProxy = FB7F712E287906CA001DC774 /* PBXContainerItemProxy */;
		};
/* End PBXTargetDependency section */

/* Begin PBXVariantGroup section */
		2B86A2F3288329A9001E20A7 /* Localizable.strings */ = {
			isa = PBXVariantGroup;
			children = (
				2B86A2F2288329A9001E20A7 /* en */,
				2B86A2F4288329FD001E20A7 /* es */,
			);
			name = Localizable.strings;
			sourceTree = "<group>";
		};
/* End PBXVariantGroup section */

/* Begin XCBuildConfiguration section */
		FB7F7135287906CA001DC774 /* Debug */ = {
			isa = XCBuildConfiguration;
			buildSettings = {
				ALWAYS_SEARCH_USER_PATHS = NO;
				CLANG_ANALYZER_LOCALIZABILITY_NONLOCALIZED = YES;
				CLANG_ANALYZER_NONNULL = YES;
				CLANG_ANALYZER_NUMBER_OBJECT_CONVERSION = YES_AGGRESSIVE;
				CLANG_CXX_LANGUAGE_STANDARD = "gnu++17";
				CLANG_CXX_LIBRARY = "libc++";
				CLANG_ENABLE_MODULES = YES;
				CLANG_ENABLE_OBJC_ARC = YES;
				CLANG_ENABLE_OBJC_WEAK = YES;
				CLANG_WARN_BLOCK_CAPTURE_AUTORELEASING = YES;
				CLANG_WARN_BOOL_CONVERSION = YES;
				CLANG_WARN_COMMA = YES;
				CLANG_WARN_CONSTANT_CONVERSION = YES;
				CLANG_WARN_DEPRECATED_OBJC_IMPLEMENTATIONS = YES;
				CLANG_WARN_DIRECT_OBJC_ISA_USAGE = YES_ERROR;
				CLANG_WARN_DOCUMENTATION_COMMENTS = YES;
				CLANG_WARN_EMPTY_BODY = YES;
				CLANG_WARN_ENUM_CONVERSION = YES;
				CLANG_WARN_INFINITE_RECURSION = YES;
				CLANG_WARN_INT_CONVERSION = YES;
				CLANG_WARN_NON_LITERAL_NULL_CONVERSION = YES;
				CLANG_WARN_OBJC_IMPLICIT_RETAIN_SELF = YES;
				CLANG_WARN_OBJC_LITERAL_CONVERSION = YES;
				CLANG_WARN_OBJC_ROOT_CLASS = YES_ERROR;
				CLANG_WARN_QUOTED_INCLUDE_IN_FRAMEWORK_HEADER = YES;
				CLANG_WARN_RANGE_LOOP_ANALYSIS = YES;
				CLANG_WARN_STRICT_PROTOTYPES = YES;
				CLANG_WARN_SUSPICIOUS_MOVE = YES;
				CLANG_WARN_UNGUARDED_AVAILABILITY = YES_AGGRESSIVE;
				CLANG_WARN_UNREACHABLE_CODE = YES;
				CLANG_WARN__DUPLICATE_METHOD_MATCH = YES;
				COPY_PHASE_STRIP = NO;
				DEBUG_INFORMATION_FORMAT = dwarf;
				ENABLE_STRICT_OBJC_MSGSEND = YES;
				ENABLE_TESTABILITY = YES;
				GCC_C_LANGUAGE_STANDARD = gnu11;
				GCC_DYNAMIC_NO_PIC = NO;
				GCC_NO_COMMON_BLOCKS = YES;
				GCC_OPTIMIZATION_LEVEL = 0;
				GCC_PREPROCESSOR_DEFINITIONS = (
					"DEBUG=1",
					"$(inherited)",
				);
				GCC_WARN_64_TO_32_BIT_CONVERSION = YES;
				GCC_WARN_ABOUT_RETURN_TYPE = YES_ERROR;
				GCC_WARN_UNDECLARED_SELECTOR = YES;
				GCC_WARN_UNINITIALIZED_AUTOS = YES_AGGRESSIVE;
				GCC_WARN_UNUSED_FUNCTION = YES;
				GCC_WARN_UNUSED_VARIABLE = YES;
				IPHONEOS_DEPLOYMENT_TARGET = 15.0;
				MTL_ENABLE_DEBUG_INFO = INCLUDE_SOURCE;
				MTL_FAST_MATH = YES;
				ONLY_ACTIVE_ARCH = YES;
				SDKROOT = iphoneos;
				SWIFT_ACTIVE_COMPILATION_CONDITIONS = DEBUG;
				SWIFT_OPTIMIZATION_LEVEL = "-Onone";
			};
			name = Debug;
		};
		FB7F7136287906CA001DC774 /* Release */ = {
			isa = XCBuildConfiguration;
			buildSettings = {
				ALWAYS_SEARCH_USER_PATHS = NO;
				CLANG_ANALYZER_LOCALIZABILITY_NONLOCALIZED = YES;
				CLANG_ANALYZER_NONNULL = YES;
				CLANG_ANALYZER_NUMBER_OBJECT_CONVERSION = YES_AGGRESSIVE;
				CLANG_CXX_LANGUAGE_STANDARD = "gnu++17";
				CLANG_CXX_LIBRARY = "libc++";
				CLANG_ENABLE_MODULES = YES;
				CLANG_ENABLE_OBJC_ARC = YES;
				CLANG_ENABLE_OBJC_WEAK = YES;
				CLANG_WARN_BLOCK_CAPTURE_AUTORELEASING = YES;
				CLANG_WARN_BOOL_CONVERSION = YES;
				CLANG_WARN_COMMA = YES;
				CLANG_WARN_CONSTANT_CONVERSION = YES;
				CLANG_WARN_DEPRECATED_OBJC_IMPLEMENTATIONS = YES;
				CLANG_WARN_DIRECT_OBJC_ISA_USAGE = YES_ERROR;
				CLANG_WARN_DOCUMENTATION_COMMENTS = YES;
				CLANG_WARN_EMPTY_BODY = YES;
				CLANG_WARN_ENUM_CONVERSION = YES;
				CLANG_WARN_INFINITE_RECURSION = YES;
				CLANG_WARN_INT_CONVERSION = YES;
				CLANG_WARN_NON_LITERAL_NULL_CONVERSION = YES;
				CLANG_WARN_OBJC_IMPLICIT_RETAIN_SELF = YES;
				CLANG_WARN_OBJC_LITERAL_CONVERSION = YES;
				CLANG_WARN_OBJC_ROOT_CLASS = YES_ERROR;
				CLANG_WARN_QUOTED_INCLUDE_IN_FRAMEWORK_HEADER = YES;
				CLANG_WARN_RANGE_LOOP_ANALYSIS = YES;
				CLANG_WARN_STRICT_PROTOTYPES = YES;
				CLANG_WARN_SUSPICIOUS_MOVE = YES;
				CLANG_WARN_UNGUARDED_AVAILABILITY = YES_AGGRESSIVE;
				CLANG_WARN_UNREACHABLE_CODE = YES;
				CLANG_WARN__DUPLICATE_METHOD_MATCH = YES;
				COPY_PHASE_STRIP = NO;
				DEBUG_INFORMATION_FORMAT = "dwarf-with-dsym";
				ENABLE_NS_ASSERTIONS = NO;
				ENABLE_STRICT_OBJC_MSGSEND = YES;
				GCC_C_LANGUAGE_STANDARD = gnu11;
				GCC_NO_COMMON_BLOCKS = YES;
				GCC_WARN_64_TO_32_BIT_CONVERSION = YES;
				GCC_WARN_ABOUT_RETURN_TYPE = YES_ERROR;
				GCC_WARN_UNDECLARED_SELECTOR = YES;
				GCC_WARN_UNINITIALIZED_AUTOS = YES_AGGRESSIVE;
				GCC_WARN_UNUSED_FUNCTION = YES;
				GCC_WARN_UNUSED_VARIABLE = YES;
				IPHONEOS_DEPLOYMENT_TARGET = 15.0;
				MTL_ENABLE_DEBUG_INFO = NO;
				MTL_FAST_MATH = YES;
				SDKROOT = iphoneos;
				SWIFT_COMPILATION_MODE = wholemodule;
				SWIFT_OPTIMIZATION_LEVEL = "-O";
				VALIDATE_PRODUCT = YES;
			};
			name = Release;
		};
		FB7F7138287906CA001DC774 /* Debug */ = {
			isa = XCBuildConfiguration;
			buildSettings = {
				ASSETCATALOG_COMPILER_APPICON_NAME = AppIcon;
				ASSETCATALOG_COMPILER_GLOBAL_ACCENT_COLOR_NAME = AccentColor;
				CODE_SIGN_STYLE = Automatic;
				CURRENT_PROJECT_VERSION = 1;
				DEVELOPMENT_ASSET_PATHS = "\"ios-gimnasio/Preview Content\"";
				ENABLE_PREVIEWS = YES;
				GENERATE_INFOPLIST_FILE = YES;
				INFOPLIST_FILE = "ios-gimnasio/Info.plist";
				INFOPLIST_KEY_UIApplicationSceneManifest_Generation = YES;
				INFOPLIST_KEY_UIApplicationSupportsIndirectInputEvents = YES;
				INFOPLIST_KEY_UILaunchScreen_Generation = YES;
				INFOPLIST_KEY_UISupportedInterfaceOrientations_iPad = "UIInterfaceOrientationPortrait UIInterfaceOrientationPortraitUpsideDown UIInterfaceOrientationLandscapeLeft UIInterfaceOrientationLandscapeRight";
				INFOPLIST_KEY_UISupportedInterfaceOrientations_iPhone = "UIInterfaceOrientationPortrait UIInterfaceOrientationLandscapeLeft UIInterfaceOrientationLandscapeRight";
				LD_RUNPATH_SEARCH_PATHS = (
					"$(inherited)",
					"@executable_path/Frameworks",
				);
				MARKETING_VERSION = 1.0;
				PRODUCT_BUNDLE_IDENTIFIER = "com.example.ios-gimnasio";
				PRODUCT_NAME = "$(TARGET_NAME)";
				SWIFT_EMIT_LOC_STRINGS = YES;
				SWIFT_VERSION = 5.0;
				TARGETED_DEVICE_FAMILY = "1,2";
			};
			name = Debug;
		};
		FB7F7139287906CA001DC774 /* Release */ = {
			isa = XCBuildConfiguration;
			buildSettings = {
				ASSETCATALOG_COMPILER_APPICON_NAME = AppIcon;
				ASSETCATALOG_COMPILER_GLOBAL_ACCENT_COLOR_NAME = AccentColor;
				CODE_SIGN_STYLE = Automatic;
				CURRENT_PROJECT_VERSION = 1;
				DEVELOPMENT_ASSET_PATHS = "\"ios-gimnasio/Preview Content\"";
				ENABLE_PREVIEWS = YES;
				GENERATE_INFOPLIST_FILE = YES;
				INFOPLIST_FILE = "ios-gimnasio/Info.plist";
				INFOPLIST_KEY_UIApplicationSceneManifest_Generation = YES;
				INFOPLIST_KEY_UIApplicationSupportsIndirectInputEvents = YES;
				INFOPLIST_KEY_UILaunchScreen_Generation = YES;
				INFOPLIST_KEY_UISupportedInterfaceOrientations_iPad = "UIInterfaceOrientationPortrait UIInterfaceOrientationPortraitUpsideDown UIInterfaceOrientationLandscapeLeft UIInterfaceOrientationLandscapeRight";
				INFOPLIST_KEY_UISupportedInterfaceOrientations_iPhone = "UIInterfaceOrientationPortrait UIInterfaceOrientationLandscapeLeft UIInterfaceOrientationLandscapeRight";
				LD_RUNPATH_SEARCH_PATHS = (
					"$(inherited)",
					"@executable_path/Frameworks",
				);
				MARKETING_VERSION = 1.0;
				PRODUCT_BUNDLE_IDENTIFIER = "com.example.ios-gimnasio";
				PRODUCT_NAME = "$(TARGET_NAME)";
				SWIFT_EMIT_LOC_STRINGS = YES;
				SWIFT_VERSION = 5.0;
				TARGETED_DEVICE_FAMILY = "1,2";
			};
			name = Release;
		};
		FB7F713B287906CA001DC774 /* Debug */ = {
			isa = XCBuildConfiguration;
			buildSettings = {
				ALWAYS_EMBED_SWIFT_STANDARD_LIBRARIES = YES;
				BUNDLE_LOADER = "$(TEST_HOST)";
				CODE_SIGN_STYLE = Automatic;
				CURRENT_PROJECT_VERSION = 1;
				GENERATE_INFOPLIST_FILE = YES;
				IPHONEOS_DEPLOYMENT_TARGET = 15.0;
				MARKETING_VERSION = 1.0;
				PRODUCT_BUNDLE_IDENTIFIER = "com.example.ios-gimnasioTests";
				PRODUCT_NAME = "$(TARGET_NAME)";
				SWIFT_EMIT_LOC_STRINGS = NO;
				SWIFT_VERSION = 5.0;
				TARGETED_DEVICE_FAMILY = "1,2";
				TEST_HOST = "$(BUILT_PRODUCTS_DIR)/ios-gimnasio.app/ios-gimnasio";
			};
			name = Debug;
		};
		FB7F713C287906CA001DC774 /* Release */ = {
			isa = XCBuildConfiguration;
			buildSettings = {
				ALWAYS_EMBED_SWIFT_STANDARD_LIBRARIES = YES;
				BUNDLE_LOADER = "$(TEST_HOST)";
				CODE_SIGN_STYLE = Automatic;
				CURRENT_PROJECT_VERSION = 1;
				GENERATE_INFOPLIST_FILE = YES;
				IPHONEOS_DEPLOYMENT_TARGET = 15.0;
				MARKETING_VERSION = 1.0;
				PRODUCT_BUNDLE_IDENTIFIER = "com.example.ios-gimnasioTests";
				PRODUCT_NAME = "$(TARGET_NAME)";
				SWIFT_EMIT_LOC_STRINGS = NO;
				SWIFT_VERSION = 5.0;
				TARGETED_DEVICE_FAMILY = "1,2";
				TEST_HOST = "$(BUILT_PRODUCTS_DIR)/ios-gimnasio.app/ios-gimnasio";
			};
			name = Release;
		};
		FB7F713E287906CA001DC774 /* Debug */ = {
			isa = XCBuildConfiguration;
			buildSettings = {
				ALWAYS_EMBED_SWIFT_STANDARD_LIBRARIES = YES;
				CODE_SIGN_STYLE = Automatic;
				CURRENT_PROJECT_VERSION = 1;
				GENERATE_INFOPLIST_FILE = YES;
				MARKETING_VERSION = 1.0;
				PRODUCT_BUNDLE_IDENTIFIER = "com.example.ios-gimnasioUITests";
				PRODUCT_NAME = "$(TARGET_NAME)";
				SWIFT_EMIT_LOC_STRINGS = NO;
				SWIFT_VERSION = 5.0;
				TARGETED_DEVICE_FAMILY = "1,2";
				TEST_TARGET_NAME = "ios-gimnasio";
			};
			name = Debug;
		};
		FB7F713F287906CA001DC774 /* Release */ = {
			isa = XCBuildConfiguration;
			buildSettings = {
				ALWAYS_EMBED_SWIFT_STANDARD_LIBRARIES = YES;
				CODE_SIGN_STYLE = Automatic;
				CURRENT_PROJECT_VERSION = 1;
				GENERATE_INFOPLIST_FILE = YES;
				MARKETING_VERSION = 1.0;
				PRODUCT_BUNDLE_IDENTIFIER = "com.example.ios-gimnasioUITests";
				PRODUCT_NAME = "$(TARGET_NAME)";
				SWIFT_EMIT_LOC_STRINGS = NO;
				SWIFT_VERSION = 5.0;
				TARGETED_DEVICE_FAMILY = "1,2";
				TEST_TARGET_NAME = "ios-gimnasio";
			};
			name = Release;
		};
/* End XCBuildConfiguration section */

/* Begin XCConfigurationList section */
		FB7F7109287906C0001DC774 /* Build configuration list for PBXProject "ios-gimnasio" */ = {
			isa = XCConfigurationList;
			buildConfigurations = (
				FB7F7135287906CA001DC774 /* Debug */,
				FB7F7136287906CA001DC774 /* Release */,
			);
			defaultConfigurationIsVisible = 0;
			defaultConfigurationName = Release;
		};
		FB7F7137287906CA001DC774 /* Build configuration list for PBXNativeTarget "ios-gimnasio" */ = {
			isa = XCConfigurationList;
			buildConfigurations = (
				FB7F7138287906CA001DC774 /* Debug */,
				FB7F7139287906CA001DC774 /* Release */,
			);
			defaultConfigurationIsVisible = 0;
			defaultConfigurationName = Release;
		};
		FB7F713A287906CA001DC774 /* Build configuration list for PBXNativeTarget "ios-gimnasioTests" */ = {
			isa = XCConfigurationList;
			buildConfigurations = (
				FB7F713B287906CA001DC774 /* Debug */,
				FB7F713C287906CA001DC774 /* Release */,
			);
			defaultConfigurationIsVisible = 0;
			defaultConfigurationName = Release;
		};
		FB7F713D287906CA001DC774 /* Build configuration list for PBXNativeTarget "ios-gimnasioUITests" */ = {
			isa = XCConfigurationList;
			buildConfigurations = (
				FB7F713E287906CA001DC774 /* Debug */,
				FB7F713F287906CA001DC774 /* Release */,
			);
			defaultConfigurationIsVisible = 0;
			defaultConfigurationName = Release;
		};
/* End XCConfigurationList section */

/* Begin XCRemoteSwiftPackageReference section */
		2B5F596028ACA4AB008C1267 /* XCRemoteSwiftPackageReference "Alamofire" */ = {
			isa = XCRemoteSwiftPackageReference;
			repositoryURL = "https://github.com/Alamofire/Alamofire";
			requirement = {
				kind = upToNextMajorVersion;
				minimumVersion = 5.0.0;
			};
		};
/* End XCRemoteSwiftPackageReference section */

/* Begin XCSwiftPackageProductDependency section */
		2B5F596128ACA4AB008C1267 /* Alamofire */ = {
			isa = XCSwiftPackageProductDependency;
			package = 2B5F596028ACA4AB008C1267 /* XCRemoteSwiftPackageReference "Alamofire" */;
			productName = Alamofire;
		};
/* End XCSwiftPackageProductDependency section */

/* Begin XCVersionGroup section */
		FB7F711C287906C9001DC774 /* ios_gimnasio.xcdatamodeld */ = {
			isa = XCVersionGroup;
			children = (
				FB7F711D287906C9001DC774 /* ios_gimnasio.xcdatamodel */,
			);
			currentVersion = FB7F711D287906C9001DC774 /* ios_gimnasio.xcdatamodel */;
			path = ios_gimnasio.xcdatamodeld;
			sourceTree = "<group>";
			versionGroupType = wrapper.xcdatamodel;
		};
/* End XCVersionGroup section */
	};
	rootObject = FB7F7106287906C0001DC774 /* Project object */;
}
